
Microsoft Visual Studio Solution File, Format Version 12.00
# Visual Studio Version 17
VisualStudioVersion = 17.9.34723.18
MinimumVisualStudioVersion = 10.0.40219.1
Project("{FAE04EC0-301F-11D3-BF4B-00C04F79EFBC}") = "AutomatedAWSModelCreator", "AutomatedAWSModelCreator.csproj", "{F279F86F-4DC5-4490-9369-15F8CE038860}"
EndProject
Project("{54435603-DBB4-11D2-8724-00A0C9A8B90C}") = "AutomatedAWSModelCreatorInstaller", "..\LSC-Trainer-Installer\LSC-Trainer-Installer.vdproj", "{C644DC79-BAC5-463B-999D-9203983ADD2F}"
EndProject
Project("{9A19103F-16F7-4668-BE54-9A1E7A4F7556}") = "AutomatedAWSModelCreatorUnitTest", "AutomatedAWSModelCreatorUnitTest\AutomatedAWSModelCreatorUnitTest.csproj", "{3BD3C6A3-6FBA-4FE0-863D-4655A4F25F2D}"
EndProject
Global
	GlobalSection(SolutionConfigurationPlatforms) = preSolution
		Debug|Any CPU = Debug|Any CPU
		Release|Any CPU = Release|Any CPU
	EndGlobalSection
	GlobalSection(ProjectConfigurationPlatforms) = postSolution
		{F279F86F-4DC5-4490-9369-15F8CE038860}.Debug|Any CPU.ActiveCfg = Debug|Any CPU
		{F279F86F-4DC5-4490-9369-15F8CE038860}.Debug|Any CPU.Build.0 = Debug|Any CPU
		{F279F86F-4DC5-4490-9369-15F8CE038860}.Release|Any CPU.ActiveCfg = Release|Any CPU
		{F279F86F-4DC5-4490-9369-15F8CE038860}.Release|Any CPU.Build.0 = Release|Any CPU
		{C644DC79-BAC5-463B-999D-9203983ADD2F}.Debug|Any CPU.ActiveCfg = Debug
		{C644DC79-BAC5-463B-999D-9203983ADD2F}.Release|Any CPU.ActiveCfg = Release
		{C644DC79-BAC5-463B-999D-9203983ADD2F}.Release|Any CPU.Build.0 = Release
		{3BD3C6A3-6FBA-4FE0-863D-4655A4F25F2D}.Debug|Any CPU.ActiveCfg = Debug|Any CPU
		{3BD3C6A3-6FBA-4FE0-863D-4655A4F25F2D}.Debug|Any CPU.Build.0 = Debug|Any CPU
		{3BD3C6A3-6FBA-4FE0-863D-4655A4F25F2D}.Release|Any CPU.ActiveCfg = Release|Any CPU
		{3BD3C6A3-6FBA-4FE0-863D-4655A4F25F2D}.Release|Any CPU.Build.0 = Release|Any CPU
	EndGlobalSection
	GlobalSection(SolutionProperties) = preSolution
		HideSolutionNode = FALSE
	EndGlobalSection
	GlobalSection(ExtensibilityGlobals) = postSolution
		SolutionGuid = {3CD28D90-5EEF-4EB1-BB2A-8031D40EDEF0}
	EndGlobalSection
EndGlobal
