
Microsoft Visual Studio Solution File, Format Version 12.00
# Visual Studio Version 16
VisualStudioVersion = 16.0.34601.136
MinimumVisualStudioVersion = 10.0.40219.1
Project("{FAE04EC0-301F-11D3-BF4B-00C04F79EFBC}") = "LSC-Trainer", "LSC-Trainer.csproj", "{F279F86F-4DC5-4490-9369-15F8CE038860}"
EndProject
Project("{9A19103F-16F7-4668-BE54-9A1E7A4F7556}") = "LSC-TrainerUnitTest", "LSC-TrainerUnitTest\LSC-TrainerUnitTest.csproj", "{1531354C-187A-40B2-9B98-E63A8C8297F3}"
EndProject
Global
	GlobalSection(SolutionConfigurationPlatforms) = preSolution
		Debug|Any CPU = Debug|Any CPU
		Release|Any CPU = Release|Any CPU
	EndGlobalSection
	GlobalSection(ProjectConfigurationPlatforms) = postSolution
		{F279F86F-4DC5-4490-9369-15F8CE038860}.Debug|Any CPU.ActiveCfg = Debug|Any CPU
		{F279F86F-4DC5-4490-9369-15F8CE038860}.Debug|Any CPU.Build.0 = Debug|Any CPU
		{F279F86F-4DC5-4490-9369-15F8CE038860}.Release|Any CPU.ActiveCfg = Release|Any CPU
		{F279F86F-4DC5-4490-9369-15F8CE038860}.Release|Any CPU.Build.0 = Release|Any CPU
		{1531354C-187A-40B2-9B98-E63A8C8297F3}.Debug|Any CPU.ActiveCfg = Debug|Any CPU
		{1531354C-187A-40B2-9B98-E63A8C8297F3}.Debug|Any CPU.Build.0 = Debug|Any CPU
		{1531354C-187A-40B2-9B98-E63A8C8297F3}.Release|Any CPU.ActiveCfg = Release|Any CPU
		{1531354C-187A-40B2-9B98-E63A8C8297F3}.Release|Any CPU.Build.0 = Release|Any CPU
	EndGlobalSection
	GlobalSection(SolutionProperties) = preSolution
		HideSolutionNode = FALSE
	EndGlobalSection
	GlobalSection(ExtensibilityGlobals) = postSolution
		SolutionGuid = {3CD28D90-5EEF-4EB1-BB2A-8031D40EDEF0}
	EndGlobalSection
EndGlobal
